// !$*UTF8*$!
{
	archiveVersion = 1;
	classes = {
	};
	objectVersion = 77;
	objects = {

/* Begin PBXBuildFile section */
		77FD44713011434700F4F713 /* MetalPhotoKit in Frameworks */ = {isa = PBXBuildFile; productRef = 77FD44703011434700F4F713 /* MetalPhotoKit */; };
/* End PBXBuildFile section */

/* Begin PBXContainerItemProxy section */
		77FD4447301142BE00F4F713 /* PBXContainerItemProxy */ = {
			isa = PBXContainerItemProxy;
			containerPortal = 77FD4431301142BC00F4F713 /* Project object */;
			proxyType = 1;
			remoteGlobalIDString = 77FD4438301142BC00F4F713;
			remoteInfo = MetalPhotoKitExample;
		};
		77FD4451301142BE00F4F713 /* PBXContainerItemProxy */ = {
			isa = PBXContainerItemProxy;
			containerPortal = 77FD4431301142BC00F4F713 /* Project object */;
			proxyType = 1;
			remoteGlobalIDString = 77FD4438301142BC00F4F713;
			remoteInfo = MetalPhotoKitExample;
		};
/* End PBXContainerItemProxy section */

/* Begin PBXFileReference section */
		77FD4439301142BC00F4F713 /* MetalPhotoKitExample.app */ = {isa = PBXFileReference; explicitFileType = wrapper.application; includeInIndex = 0; path = MetalPhotoKitExample.app; sourceTree = BUILT_PRODUCTS_DIR; };
		77FD4446301142BE00F4F713 /* MetalPhotoKitExampleTests.xctest */ = {isa = PBXFileReference; explicitFileType = wrapper.cfbundle; includeInIndex = 0; path = MetalPhotoKitExampleTests.xctest; sourceTree = BUILT_PRODUCTS_DIR; };
		77FD4450301142BE00F4F713 /* MetalPhotoKitExampleUITests.xctest */ = {isa = PBXFileReference; explicitFileType = wrapper.cfbundle; includeInIndex = 0; path = MetalPhotoKitExampleUITests.xctest; sourceTree = BUILT_PRODUCTS_DIR; };
/* End PBXFileReference section */

/* Begin PBXFileSystemSynchronizedRootGroup section */
		77FD443B301142BC00F4F713 /* MetalPhotoKitExample */ = {
			isa = PBXFileSystemSynchronizedRootGroup;
			path = MetalPhotoKitExample;
			sourceTree = "<group>";
		};
		77FD4449301142BE00F4F713 /* MetalPhotoKitExampleTests */ = {
			isa = PBXFileSystemSynchronizedRootGroup;
			path = MetalPhotoKitExampleTests;
			sourceTree = "<group>";
		};
		77FD4453301142BE00F4F713 /* MetalPhotoKitExampleUITests */ = {
			isa = PBXFileSystemSynchronizedRootGroup;
			path = MetalPhotoKitExampleUITests;
			sourceTree = "<group>";
		};
/* End PBXFileSystemSynchronizedRootGroup section */

/* Begin PBXFrameworksBuildPhase section */
		77FD4436301142BC00F4F713 /* Frameworks */ = {
			isa = PBXFrameworksBuildPhase;
			buildActionMask = 2147483647;
			files = (
				77FD44713011434700F4F713 /* MetalPhotoKit in Frameworks */,
			);
			runOnlyForDeploymentPostprocessing = 0;
		};
		77FD4443301142BE00F4F713 /* Frameworks */ = {
			isa = PBXFrameworksBuildPhase;
			buildActionMask = 2147483647;
			files = (
			);
			runOnlyForDeploymentPostprocessing = 0;
		};
		77FD444D301142BE00F4F713 /* Frameworks */ = {
			isa = PBXFrameworksBuildPhase;
			buildActionMask = 2147483647;
			files = (
			);
			runOnlyForDeploymentPostprocessing = 0;
		};
/* End PBXFrameworksBuildPhase section */

/* Begin PBXGroup section */
		77FD4430301142BC00F4F713 = {
			isa = PBXGroup;
			children = (
				77FD443B301142BC00F4F713 /* MetalPhotoKitExample */,
				77FD4449301142BE00F4F713 /* MetalPhotoKitExampleTests */,
				77FD4453301142BE00F4F713 /* MetalPhotoKitExampleUITests */,
				77FD443A301142BC00F4F713 /* Products */,
			);
			sourceTree = "<group>";
		};
		77FD443A301142BC00F4F713 /* Products */ = {
			isa = PBXGroup;
			children = (
				77FD4439301142BC00F4F713 /* MetalPhotoKitExample.app */,
				77FD4446301142BE00F4F713 /* MetalPhotoKitExampleTests.xctest */,
				77FD4450301142BE00F4F713 /* MetalPhotoKitExampleUITests.xctest */,
			);
			name = Products;
			sourceTree = "<group>";
		};
/* End PBXGroup section */

/* Begin PBXNativeTarget section */
		77FD4438301142BC00F4F713 /* MetalPhotoKitExample */ = {
			isa = PBXNativeTarget;
			buildConfigurationList = 77FD445A301142BE00F4F713 /* Build configuration list for PBXNativeTarget "MetalPhotoKitExample" */;
			buildPhases = (
				77FD4435301142BC00F4F713 /* Sources */,
				77FD4436301142BC00F4F713 /* Frameworks */,
				77FD4437301142BC00F4F713 /* Resources */,
			);
			buildRules = (
			);
			dependencies = (
			);
			fileSystemSynchronizedGroups = (
				77FD443B301142BC00F4F713 /* MetalPhotoKitExample */,
			);
			name = MetalPhotoKitExample;
			packageProductDependencies = (
				77FD44703011434700F4F713 /* MetalPhotoKit */,
			);
			productName = MetalPhotoKitExample;
			productReference = 77FD4439301142BC00F4F713 /* MetalPhotoKitExample.app */;
			productType = "com.apple.product-type.application";
		};
		77FD4445301142BE00F4F713 /* MetalPhotoKitExampleTests */ = {
			isa = PBXNativeTarget;
			buildConfigurationList = 77FD445D301142BE00F4F713 /* Build configuration list for PBXNativeTarget "MetalPhotoKitExampleTests" */;
			buildPhases = (
				77FD4442301142BE00F4F713 /* Sources */,
				77FD4443301142BE00F4F713 /* Frameworks */,
				77FD4444301142BE00F4F713 /* Resources */,
			);
			buildRules = (
			);
			dependencies = (
				77FD4448301142BE00F4F713 /* PBXTargetDependency */,
			);
			fileSystemSynchronizedGroups = (
				77FD4449301142BE00F4F713 /* MetalPhotoKitExampleTests */,
			);
			name = MetalPhotoKitExampleTests;
			packageProductDependencies = (
			);
			productName = MetalPhotoKitExampleTests;
			productReference = 77FD4446301142BE00F4F713 /* MetalPhotoKitExampleTests.xctest */;
			productType = "com.apple.product-type.bundle.unit-test";
		};
		77FD444F301142BE00F4F713 /* MetalPhotoKitExampleUITests */ = {
			isa = PBXNativeTarget;
			buildConfigurationList = 77FD4460301142BE00F4F713 /* Build configuration list for PBXNativeTarget "MetalPhotoKitExampleUITests" */;
			buildPhases = (
				77FD444C301142BE00F4F713 /* Sources */,
				77FD444D301142BE00F4F713 /* Frameworks */,
				77FD444E301142BE00F4F713 /* Resources */,
			);
			buildRules = (
			);
			dependencies = (
				77FD4452301142BE00F4F713 /* PBXTargetDependency */,
			);
			fileSystemSynchronizedGroups = (
				77FD4453301142BE00F4F713 /* MetalPhotoKitExampleUITests */,
			);
			name = MetalPhotoKitExampleUITests;
			packageProductDependencies = (
			);
			productName = MetalPhotoKitExampleUITests;
			productReference = 77FD4450301142BE00F4F713 /* MetalPhotoKitExampleUITests.xctest */;
			productType = "com.apple.product-type.bundle.ui-testing";
		};
/* End PBXNativeTarget section */

/* Begin PBXProject section */
		77FD4431301142BC00F4F713 /* Project object */ = {
			isa = PBXProject;
			attributes = {
				BuildIndependentTargetsInParallel = 1;
				LastSwiftUpdateCheck = 2640;
				LastUpgradeCheck = 2640;
				TargetAttributes = {
					77FD4438301142BC00F4F713 = {
						CreatedOnToolsVersion = 26.4.1;
					};
					77FD4445301142BE00F4F713 = {
						CreatedOnToolsVersion = 26.4.1;
						TestTargetID = 77FD4438301142BC00F4F713;
					};
					77FD444F301142BE00F4F713 = {
						CreatedOnToolsVersion = 26.4.1;
						TestTargetID = 77FD4438301142BC00F4F713;
					};
				};
			};
			buildConfigurationList = 77FD4434301142BC00F4F713 /* Build configuration list for PBXProject "MetalPhotoKitExample" */;
			developmentRegion = en;
			hasScannedForEncodings = 0;
			knownRegions = (
				en,
				Base,
			);
			mainGroup = 77FD4430301142BC00F4F713;
			minimizedProjectReferenceProxies = 1;
			packageReferences = (
				77FD446F3011434700F4F713 /* XCLocalSwiftPackageReference "../../../MetalPhotoKit" */,
			);
			preferredProjectObjectVersion = 77;
			productRefGroup = 77FD443A301142BC00F4F713 /* Products */;
			projectDirPath = "";
			projectRoot = "";
			targets = (
				77FD4438301142BC00F4F713 /* MetalPhotoKitExample */,
				77FD4445301142BE00F4F713 /* MetalPhotoKitExampleTests */,
				77FD444F301142BE00F4F713 /* MetalPhotoKitExampleUITests */,
			);
		};
/* End PBXProject section */

/* Begin PBXResourcesBuildPhase section */
		77FD4437301142BC00F4F713 /* Resources */ = {
			isa = PBXResourcesBuildPhase;
			buildActionMask = 2147483647;
			files = (
			);
			runOnlyForDeploymentPostprocessing = 0;
		};
		77FD4444301142BE00F4F713 /* Resources */ = {
			isa = PBXResourcesBuildPhase;
			buildActionMask = 2147483647;
			files = (
			);
			runOnlyForDeploymentPostprocessing = 0;
		};
		77FD444E301142BE00F4F713 /* Resources */ = {
			isa = PBXResourcesBuildPhase;
			buildActionMask = 2147483647;
			files = (
			);
			runOnlyForDeploymentPostprocessing = 0;
		};
/* End PBXResourcesBuildPhase section */

/* Begin PBXSourcesBuildPhase section */
		77FD4435301142BC00F4F713 /* Sources */ = {
			isa = PBXSourcesBuildPhase;
			buildActionMask = 2147483647;
			files = (
			);
			runOnlyForDeploymentPostprocessing = 0;
		};
		77FD4442301142BE00F4F713 /* Sources */ = {
			isa = PBXSourcesBuildPhase;
			buildActionMask = 2147483647;
			files = (
			);
			runOnlyForDeploymentPostprocessing = 0;
		};
		77FD444C301142BE00F4F713 /* Sources */ = {
			isa = PBXSourcesBuildPhase;
			buildActionMask = 2147483647;
			files = (
			);
			runOnlyForDeploymentPostprocessing = 0;
		};
/* End PBXSourcesBuildPhase section */

/* Begin PBXTargetDependency section */
		77FD4448301142BE00F4F713 /* PBXTargetDependency */ = {
			isa = PBXTargetDependency;
			target = 77FD4438301142BC00F4F713 /* MetalPhotoKitExample */;
			targetProxy = 77FD4447301142BE00F4F713 /* PBXContainerItemProxy */;
		};
		77FD4452301142BE00F4F713 /* PBXTargetDependency */ = {
			isa = PBXTargetDependency;
			target = 77FD4438301142BC00F4F713 /* MetalPhotoKitExample */;
			targetProxy = 77FD4451301142BE00F4F713 /* PBXContainerItemProxy */;
		};
/* End PBXTargetDependency section */

/* Begin XCBuildConfiguration section */
		77FD4458301142BE00F4F713 /* Debug */ = {
			isa = XCBuildConfiguration;
			buildSettings = {
				ALWAYS_SEARCH_USER_PATHS = NO;
				ASSETCATALOG_COMPILER_GENERATE_SWIFT_ASSET_SYMBOL_EXTENSIONS = YES;
				CLANG_ANALYZER_NONNULL = YES;
				CLANG_ANALYZER_NUMBER_OBJECT_CONVERSION = YES_AGGRESSIVE;
				CLANG_CXX_LANGUAGE_STANDARD = "gnu++20";
				CLANG_ENABLE_MODULES = YES;
				CLANG_ENABLE_OBJC_ARC = YES;
				CLANG_ENABLE_OBJC_WEAK = YES;
				CLANG_WARN_BLOCK_CAPTURE_AUTORELEASING = YES;
				CLANG_WARN_BOOL_CONVERSION = YES;
				CLANG_WARN_COMMA = YES;
				CLANG_WARN_CONSTANT_CONVERSION = YES;
				CLANG_WARN_DEPRECATED_OBJC_IMPLEMENTATIONS = YES;
				CLANG_WARN_DIRECT_OBJC_ISA_USAGE = YES_ERROR;
				CLANG_WARN_DOCUMENTATION_COMMENTS = YES;
				CLANG_WARN_EMPTY_BODY = YES;
				CLANG_WARN_ENUM_CONVERSION = YES;
				CLANG_WARN_INFINITE_RECURSION = YES;
				CLANG_WARN_INT_CONVERSION = YES;
				CLANG_WARN_NON_LITERAL_NULL_CONVERSION = YES;
				CLANG_WARN_OBJC_IMPLICIT_RETAIN_SELF = YES;
				CLANG_WARN_OBJC_LITERAL_CONVERSION = YES;
				CLANG_WARN_OBJC_ROOT_CLASS = YES_ERROR;
				CLANG_WARN_QUOTED_INCLUDE_IN_FRAMEWORK_HEADER = YES;
				CLANG_WARN_RANGE_LOOP_ANALYSIS = YES;
				CLANG_WARN_STRICT_PROTOTYPES = YES;
				CLANG_WARN_SUSPICIOUS_MOVE = YES;
				CLANG_WARN_UNGUARDED_AVAILABILITY = YES_AGGRESSIVE;
				CLANG_WARN_UNREACHABLE_CODE = YES;
				CLANG_WARN__DUPLICATE_METHOD_MATCH = YES;
				COPY_PHASE_STRIP = NO;
				DEBUG_INFORMATION_FORMAT = dwarf;
				DEVELOPMENT_TEAM = 9GK86MSB7G;
				ENABLE_STRICT_OBJC_MSGSEND = YES;
				ENABLE_TESTABILITY = YES;
				ENABLE_USER_SCRIPT_SANDBOXING = YES;
				GCC_C_LANGUAGE_STANDARD = gnu17;
				GCC_DYNAMIC_NO_PIC = NO;
				GCC_NO_COMMON_BLOCKS = YES;
				GCC_OPTIMIZATION_LEVEL = 0;
				GCC_PREPROCESSOR_DEFINITIONS = (
					"DEBUG=1",
					"$(inherited)",
				);
				GCC_WARN_64_TO_32_BIT_CONVERSION = YES;
				GCC_WARN_ABOUT_RETURN_TYPE = YES_ERROR;
				GCC_WARN_UNDECLARED_SELECTOR = YES;
				GCC_WARN_UNINITIALIZED_AUTOS = YES_AGGRESSIVE;
				GCC_WARN_UNUSED_FUNCTION = YES;
				GCC_WARN_UNUSED_VARIABLE = YES;
				IPHONEOS_DEPLOYMENT_TARGET = 26.4;
				LOCALIZATION_PREFERS_STRING_CATALOGS = YES;
				MTL_ENABLE_DEBUG_INFO = INCLUDE_SOURCE;
				MTL_FAST_MATH = YES;
				ONLY_ACTIVE_ARCH = YES;
				SDKROOT = iphoneos;
				SWIFT_ACTIVE_COMPILATION_CONDITIONS = "DEBUG $(inherited)";
				SWIFT_OPTIMIZATION_LEVEL = "-Onone";
			};
			name = Debug;
		};
		77FD4459301142BE00F4F713 /* Release */ = {
			isa = XCBuildConfiguration;
			buildSettings = {
				ALWAYS_SEARCH_USER_PATHS = NO;
				ASSETCATALOG_COMPILER_GENERATE_SWIFT_ASSET_SYMBOL_EXTENSIONS = YES;
				CLANG_ANALYZER_NONNULL = YES;
				CLANG_ANALYZER_NUMBER_OBJECT_CONVERSION = YES_AGGRESSIVE;
				CLANG_CXX_LANGUAGE_STANDARD = "gnu++20";
				CLANG_ENABLE_MODULES = YES;
				CLANG_ENABLE_OBJC_ARC = YES;
				CLANG_ENABLE_OBJC_WEAK = YES;
				CLANG_WARN_BLOCK_CAPTURE_AUTORELEASING = YES;
				CLANG_WARN_BOOL_CONVERSION = YES;
				CLANG_WARN_COMMA = YES;
				CLANG_WARN_CONSTANT_CONVERSION = YES;
				CLANG_WARN_DEPRECATED_OBJC_IMPLEMENTATIONS = YES;
				CLANG_WARN_DIRECT_OBJC_ISA_USAGE = YES_ERROR;
				CLANG_WARN_DOCUMENTATION_COMMENTS = YES;
				CLANG_WARN_EMPTY_BODY = YES;
				CLANG_WARN_ENUM_CONVERSION = YES;
				CLANG_WARN_INFINITE_RECURSION = YES;
				CLANG_WARN_INT_CONVERSION = YES;
				CLANG_WARN_NON_LITERAL_NULL_CONVERSION = YES;
				CLANG_WARN_OBJC_IMPLICIT_RETAIN_SELF = YES;
				CLANG_WARN_OBJC_LITERAL_CONVERSION = YES;
				CLANG_WARN_OBJC_ROOT_CLASS = YES_ERROR;
				CLANG_WARN_QUOTED_INCLUDE_IN_FRAMEWORK_HEADER = YES;
				CLANG_WARN_RANGE_LOOP_ANALYSIS = YES;
				CLANG_WARN_STRICT_PROTOTYPES = YES;
				CLANG_WARN_SUSPICIOUS_MOVE = YES;
				CLANG_WARN_UNGUARDED_AVAILABILITY = YES_AGGRESSIVE;
				CLANG_WARN_UNREACHABLE_CODE = YES;
				CLANG_WARN__DUPLICATE_METHOD_MATCH = YES;
				COPY_PHASE_STRIP = NO;
				DEBUG_INFORMATION_FORMAT = "dwarf-with-dsym";
				DEVELOPMENT_TEAM = 9GK86MSB7G;
				ENABLE_NS_ASSERTIONS = NO;
				ENABLE_STRICT_OBJC_MSGSEND = YES;
				ENABLE_USER_SCRIPT_SANDBOXING = YES;
				GCC_C_LANGUAGE_STANDARD = gnu17;
				GCC_NO_COMMON_BLOCKS = YES;
				GCC_WARN_64_TO_32_BIT_CONVERSION = YES;
				GCC_WARN_ABOUT_RETURN_TYPE = YES_ERROR;
				GCC_WARN_UNDECLARED_SELECTOR = YES;
				GCC_WARN_UNINITIALIZED_AUTOS = YES_AGGRESSIVE;
				GCC_WARN_UNUSED_FUNCTION = YES;
				GCC_WARN_UNUSED_VARIABLE = YES;
				IPHONEOS_DEPLOYMENT_TARGET = 26.4;
				LOCALIZATION_PREFERS_STRING_CATALOGS = YES;
				MTL_ENABLE_DEBUG_INFO = NO;
				MTL_FAST_MATH = YES;
				SDKROOT = iphoneos;
				SWIFT_COMPILATION_MODE = wholemodule;
				VALIDATE_PRODUCT = YES;
			};
			name = Release;
		};
		77FD445B301142BE00F4F713 /* Debug */ = {
			isa = XCBuildConfiguration;
			buildSettings = {
				ASSETCATALOG_COMPILER_APPICON_NAME = AppIcon;
				ASSETCATALOG_COMPILER_GLOBAL_ACCENT_COLOR_NAME = AccentColor;
				CODE_SIGN_STYLE = Automatic;
				CURRENT_PROJECT_VERSION = 1;
				DEVELOPMENT_TEAM = 9GK86MSB7G;
				ENABLE_PREVIEWS = YES;
				GENERATE_INFOPLIST_FILE = YES;
				INFOPLIST_KEY_UIApplicationSceneManifest_Generation = YES;
				INFOPLIST_KEY_UIApplicationSupportsIndirectInputEvents = YES;
				INFOPLIST_KEY_UILaunchScreen_Generation = YES;
				INFOPLIST_KEY_UISupportedInterfaceOrientations_iPad = "UIInterfaceOrientationPortrait UIInterfaceOrientationPortraitUpsideDown UIInterfaceOrientationLandscapeLeft UIInterfaceOrientationLandscapeRight";
				INFOPLIST_KEY_UISupportedInterfaceOrientations_iPhone = "UIInterfaceOrientationPortrait UIInterfaceOrientationLandscapeLeft UIInterfaceOrientationLandscapeRight";
				LD_RUNPATH_SEARCH_PATHS = (
					"$(inherited)",
					"@executable_path/Frameworks",
				);
				MARKETING_VERSION = 1.0;
				PRODUCT_BUNDLE_IDENTIFIER = com.olgashubina.MetalPhotoKitExample;
				PRODUCT_NAME = "$(TARGET_NAME)";
				STRING_CATALOG_GENERATE_SYMBOLS = YES;
				SWIFT_APPROACHABLE_CONCURRENCY = YES;
				SWIFT_DEFAULT_ACTOR_ISOLATION = MainActor;
				SWIFT_EMIT_LOC_STRINGS = YES;
				SWIFT_UPCOMING_FEATURE_MEMBER_IMPORT_VISIBILITY = YES;
				SWIFT_VERSION = 5.0;
				TARGETED_DEVICE_FAMILY = "1,2";
			};
			name = Debug;
		};
		77FD445C301142BE00F4F713 /* Release */ = {
			isa = XCBuildConfiguration;
			buildSettings = {
				ASSETCATALOG_COMPILER_APPICON_NAME = AppIcon;
				ASSETCATALOG_COMPILER_GLOBAL_ACCENT_COLOR_NAME = AccentColor;
				CODE_SIGN_STYLE = Automatic;
				CURRENT_PROJECT_VERSION = 1;
				DEVELOPMENT_TEAM = 9GK86MSB7G;
				ENABLE_PREVIEWS = YES;
				GENERATE_INFOPLIST_FILE = YES;
				INFOPLIST_KEY_UIApplicationSceneManifest_Generation = YES;
				INFOPLIST_KEY_UIApplicationSupportsIndirectInputEvents = YES;
				INFOPLIST_KEY_UILaunchScreen_Generation = YES;
				INFOPLIST_KEY_UISupportedInterfaceOrientations_iPad = "UIInterfaceOrientationPortrait UIInterfaceOrientationPortraitUpsideDown UIInterfaceOrientationLandscapeLeft UIInterfaceOrientationLandscapeRight";
				INFOPLIST_KEY_UISupportedInterfaceOrientations_iPhone = "UIInterfaceOrientationPortrait UIInterfaceOrientationLandscapeLeft UIInterfaceOrientationLandscapeRight";
				LD_RUNPATH_SEARCH_PATHS = (
					"$(inherited)",
					"@executable_path/Frameworks",
				);
				MARKETING_VERSION = 1.0;
				PRODUCT_BUNDLE_IDENTIFIER = com.olgashubina.MetalPhotoKitExample;
				PRODUCT_NAME = "$(TARGET_NAME)";
				STRING_CATALOG_GENERATE_SYMBOLS = YES;
				SWIFT_APPROACHABLE_CONCURRENCY = YES;
				SWIFT_DEFAULT_ACTOR_ISOLATION = MainActor;
				SWIFT_EMIT_LOC_STRINGS = YES;
				SWIFT_UPCOMING_FEATURE_MEMBER_IMPORT_VISIBILITY = YES;
				SWIFT_VERSION = 5.0;
				TARGETED_DEVICE_FAMILY = "1,2";
			};
			name = Release;
		};
		77FD445E301142BE00F4F713 /* Debug */ = {
			isa = XCBuildConfiguration;
			buildSettings = {
				BUNDLE_LOADER = "$(TEST_HOST)";
				CODE_SIGN_STYLE = Automatic;
				CURRENT_PROJECT_VERSION = 1;
				DEVELOPMENT_TEAM = 9GK86MSB7G;
				GENERATE_INFOPLIST_FILE = YES;
				IPHONEOS_DEPLOYMENT_TARGET = 26.4;
				MARKETING_VERSION = 1.0;
				PRODUCT_BUNDLE_IDENTIFIER = com.olgashubina.MetalPhotoKitExampleTests;
				PRODUCT_NAME = "$(TARGET_NAME)";
				STRING_CATALOG_GENERATE_SYMBOLS = NO;
				SWIFT_APPROACHABLE_CONCURRENCY = YES;
				SWIFT_EMIT_LOC_STRINGS = NO;
				SWIFT_UPCOMING_FEATURE_MEMBER_IMPORT_VISIBILITY = YES;
				SWIFT_VERSION = 5.0;
				TARGETED_DEVICE_FAMILY = "1,2";
				TEST_HOST = "$(BUILT_PRODUCTS_DIR)/MetalPhotoKitExample.app/$(BUNDLE_EXECUTABLE_FOLDER_PATH)/MetalPhotoKitExample";
			};
			name = Debug;
		};
		77FD445F301142BE00F4F713 /* Release */ = {
			isa = XCBuildConfiguration;
			buildSettings = {
				BUNDLE_LOADER = "$(TEST_HOST)";
				CODE_SIGN_STYLE = Automatic;
				CURRENT_PROJECT_VERSION = 1;
				DEVELOPMENT_TEAM = 9GK86MSB7G;
				GENERATE_INFOPLIST_FILE = YES;
				IPHONEOS_DEPLOYMENT_TARGET = 26.4;
				MARKETING_VERSION = 1.0;
				PRODUCT_BUNDLE_IDENTIFIER = com.olgashubina.MetalPhotoKitExampleTests;
				PRODUCT_NAME = "$(TARGET_NAME)";
				STRING_CATALOG_GENERATE_SYMBOLS = NO;
				SWIFT_APPROACHABLE_CONCURRENCY = YES;
				SWIFT_EMIT_LOC_STRINGS = NO;
				SWIFT_UPCOMING_FEATURE_MEMBER_IMPORT_VISIBILITY = YES;
				SWIFT_VERSION = 5.0;
				TARGETED_DEVICE_FAMILY = "1,2";
				TEST_HOST = "$(BUILT_PRODUCTS_DIR)/MetalPhotoKitExample.app/$(BUNDLE_EXECUTABLE_FOLDER_PATH)/MetalPhotoKitExample";
			};
			name = Release;
		};
		77FD4461301142BE00F4F713 /* Debug */ = {
			isa = XCBuildConfiguration;
			buildSettings = {
				CODE_SIGN_STYLE = Automatic;
				CURRENT_PROJECT_VERSION = 1;
				DEVELOPMENT_TEAM = 9GK86MSB7G;
				GENERATE_INFOPLIST_FILE = YES;
				MARKETING_VERSION = 1.0;
				PRODUCT_BUNDLE_IDENTIFIER = com.olgashubina.MetalPhotoKitExampleUITests;
				PRODUCT_NAME = "$(TARGET_NAME)";
				STRING_CATALOG_GENERATE_SYMBOLS = NO;
				SWIFT_APPROACHABLE_CONCURRENCY = YES;
				SWIFT_EMIT_LOC_STRINGS = NO;
				SWIFT_UPCOMING_FEATURE_MEMBER_IMPORT_VISIBILITY = YES;
				SWIFT_VERSION = 5.0;
				TARGETED_DEVICE_FAMILY = "1,2";
				TEST_TARGET_NAME = MetalPhotoKitExample;
			};
			name = Debug;
		};
		77FD4462301142BE00F4F713 /* Release */ = {
			isa = XCBuildConfiguration;
			buildSettings = {
				CODE_SIGN_STYLE = Automatic;
				CURRENT_PROJECT_VERSION = 1;
				DEVELOPMENT_TEAM = 9GK86MSB7G;
				GENERATE_INFOPLIST_FILE = YES;
				MARKETING_VERSION = 1.0;
				PRODUCT_BUNDLE_IDENTIFIER = com.olgashubina.MetalPhotoKitExampleUITests;
				PRODUCT_NAME = "$(TARGET_NAME)";
				STRING_CATALOG_GENERATE_SYMBOLS = NO;
				SWIFT_APPROACHABLE_CONCURRENCY = YES;
				SWIFT_EMIT_LOC_STRINGS = NO;
				SWIFT_UPCOMING_FEATURE_MEMBER_IMPORT_VISIBILITY = YES;
				SWIFT_VERSION = 5.0;
				TARGETED_DEVICE_FAMILY = "1,2";
				TEST_TARGET_NAME = MetalPhotoKitExample;
			};
			name = Release;
		};
/* End XCBuildConfiguration section */

/* Begin XCConfigurationList section */
		77FD4434301142BC00F4F713 /* Build configuration list for PBXProject "MetalPhotoKitExample" */ = {
			isa = XCConfigurationList;
			buildConfigurations = (
				77FD4458301142BE00F4F713 /* Debug */,
				77FD4459301142BE00F4F713 /* Release */,
			);
			defaultConfigurationIsVisible = 0;
			defaultConfigurationName = Release;
		};
		77FD445A301142BE00F4F713 /* Build configuration list for PBXNativeTarget "MetalPhotoKitExample" */ = {
			isa = XCConfigurationList;
			buildConfigurations = (
				77FD445B301142BE00F4F713 /* Debug */,
				77FD445C301142BE00F4F713 /* Release */,
			);
			defaultConfigurationIsVisible = 0;
			defaultConfigurationName = Release;
		};
		77FD445D301142BE00F4F713 /* Build configuration list for PBXNativeTarget "MetalPhotoKitExampleTests" */ = {
			isa = XCConfigurationList;
			buildConfigurations = (
				77FD445E301142BE00F4F713 /* Debug */,
				77FD445F301142BE00F4F713 /* Release */,
			);
			defaultConfigurationIsVisible = 0;
			defaultConfigurationName = Release;
		};
		77FD4460301142BE00F4F713 /* Build configuration list for PBXNativeTarget "MetalPhotoKitExampleUITests" */ = {
			isa = XCConfigurationList;
			buildConfigurations = (
				77FD4461301142BE00F4F713 /* Debug */,
				77FD4462301142BE00F4F713 /* Release */,
			);
			defaultConfigurationIsVisible = 0;
			defaultConfigurationName = Release;
		};
/* End XCConfigurationList section */

/* Begin XCLocalSwiftPackageReference section */
		77FD446F3011434700F4F713 /* XCLocalSwiftPackageReference "../../../MetalPhotoKit" */ = {
			isa = XCLocalSwiftPackageReference;
			relativePath = ../../../MetalPhotoKit;
		};
/* End XCLocalSwiftPackageReference section */

/* Begin XCSwiftPackageProductDependency section */
		77FD44703011434700F4F713 /* MetalPhotoKit */ = {
			isa = XCSwiftPackageProductDependency;
			productName = MetalPhotoKit;
		};
/* End XCSwiftPackageProductDependency section */
	};
	rootObject = 77FD4431301142BC00F4F713 /* Project object */;
}
